schema: '2.0'
stages:
  data_ingestion:
    cmd: python src/data_ingestion.py
    deps:
    - path: src/data_ingestion.py
      hash: md5
      md5: c8799e75fab9b2aaface6d7adcc393a0
      size: 4017
    params:
      params.yaml:
        data_ingestion.test_size: 0.12
    outs:
    - path: data/raw
      hash: md5
      md5: 8e6160f8a19ee6783d2d4d0362d27850.dir
      size: 484846
      nfiles: 2
  data_preprocessing:
    cmd: python src/data_preprocessing.py
    deps:
    - path: data/raw
      hash: md5
      md5: 8e6160f8a19ee6783d2d4d0362d27850.dir
      size: 484846
      nfiles: 2
    - path: src/data_preprocessing.py
      hash: md5
      md5: ae0059b79590609927f72e3c373f1865
      size: 3973
    outs:
    - path: data/interim
      hash: md5
      md5: d41f072d4d83f5a857bf4909ac4fbdf4.dir
      size: 259894
      nfiles: 2
  feature_engineering:
    cmd: python src/feature_engineering.py
    deps:
    - path: data/interim
      hash: md5
      md5: d41f072d4d83f5a857bf4909ac4fbdf4.dir
      size: 259894
      nfiles: 2
    - path: src/feature_engineering.py
      hash: md5
      md5: 65cc2ea8fd432a9e2320e5aac1a050b9
      size: 3897
    params:
      params.yaml:
        feature_engineering.max_features: 25
    outs:
    - path: data/processed
      hash: md5
      md5: 32bde9d0b48bf17d0cbbceb0ed33d6ab.dir
      size: 601087
      nfiles: 2
  model_building:
    cmd: python src/model_building.py
    deps:
    - path: data/processed
      hash: md5
      md5: 32bde9d0b48bf17d0cbbceb0ed33d6ab.dir
      size: 601087
      nfiles: 2
    - path: src/model_building.py
      hash: md5
      md5: e7e9637555efd86113923a9f7b6ac5b0
      size: 4426
    params:
      params.yaml:
        model_building.n_estimators: 20
        model_building.random_state: 42
    outs:
    - path: models/model.pkl
      hash: md5
      md5: 0ad045c681e472e971ec6add9eca0273
      size: 545906
  model_evaluation:
    cmd: python src/model_evaluation.py
    deps:
    - path: models/model.pkl
      hash: md5
      md5: 0ad045c681e472e971ec6add9eca0273
      size: 545906
    - path: src/model_evaluation.py
      hash: md5
      md5: 38927421ec9c1b45bffe4997e056c961
      size: 4616
    outs:
    - path: reports/metrics.json
      hash: md5
      md5: 20ee7c266f5ee9d3d33ab246c947f66b
      size: 145
